// !$*UTF8*$!
{
	archiveVersion = 1;
	classes = {
	};
	objectVersion = 56;
	objects = {

/* Begin PBXBuildFile section */
		771EA7572BBC9CCF00173B72 /* AppDelegate.swift in Sources */ = {isa = PBXBuildFile; fileRef = 771EA7562BBC9CCF00173B72 /* AppDelegate.swift */; };
		771EA7592BBC9CCF00173B72 /* SceneDelegate.swift in Sources */ = {isa = PBXBuildFile; fileRef = 771EA7582BBC9CCF00173B72 /* SceneDelegate.swift */; };
		771EA75B2BBC9CCF00173B72 /* ViewController.swift in Sources */ = {isa = PBXBuildFile; fileRef = 771EA75A2BBC9CCF00173B72 /* ViewController.swift */; };
		771EA75E2BBC9CCF00173B72 /* Base in Resources */ = {isa = PBXBuildFile; fileRef = 771EA75D2BBC9CCF00173B72 /* Base */; };
		771EA7602BBC9CD000173B72 /* Assets.xcassets in Resources */ = {isa = PBXBuildFile; fileRef = 771EA75F2BBC9CD000173B72 /* Assets.xcassets */; };
		771EA7632BBC9CD000173B72 /* Base in Resources */ = {isa = PBXBuildFile; fileRef = 771EA7622BBC9CD000173B72 /* Base */; };
		771EA7702BBCDB8A00173B72 /* GetStartedVC.swift in Sources */ = {isa = PBXBuildFile; fileRef = 771EA76F2BBCDB8A00173B72 /* GetStartedVC.swift */; };
		771EA7742BBD699900173B72 /* SignInVC.swift in Sources */ = {isa = PBXBuildFile; fileRef = 771EA7722BBD699900173B72 /* SignInVC.swift */; };
		771EA7752BBD699900173B72 /* SignInVC.xib in Resources */ = {isa = PBXBuildFile; fileRef = 771EA7732BBD699900173B72 /* SignInVC.xib */; };
		771EA7792BBD6E4600173B72 /* SignUpVC.swift in Sources */ = {isa = PBXBuildFile; fileRef = 771EA7772BBD6E4600173B72 /* SignUpVC.swift */; };
		771EA77A2BBD6E4600173B72 /* SignUpVC.xib in Resources */ = {isa = PBXBuildFile; fileRef = 771EA7782BBD6E4600173B72 /* SignUpVC.xib */; };
		771EA7842BBD871700173B72 /* ForgotPasswordVC.swift in Sources */ = {isa = PBXBuildFile; fileRef = 771EA7822BBD871700173B72 /* ForgotPasswordVC.swift */; };
		771EA7852BBD871700173B72 /* ForgotPasswordVC.xib in Resources */ = {isa = PBXBuildFile; fileRef = 771EA7832BBD871700173B72 /* ForgotPasswordVC.xib */; };
		772FC63A2BE7E55800C3232B /* MainTabBarController.swift in Sources */ = {isa = PBXBuildFile; fileRef = 772FC6392BE7E55800C3232B /* MainTabBarController.swift */; };
		772FC6412BE7E5EF00C3232B /* ProfileVC.swift in Sources */ = {isa = PBXBuildFile; fileRef = 772FC63F2BE7E5EF00C3232B /* ProfileVC.swift */; };
		772FC6422BE7E5F000C3232B /* ProfileVC.xib in Resources */ = {isa = PBXBuildFile; fileRef = 772FC6402BE7E5EF00C3232B /* ProfileVC.xib */; };
		772FC6452BE7E60600C3232B /* AddPostVC.swift in Sources */ = {isa = PBXBuildFile; fileRef = 772FC6432BE7E60600C3232B /* AddPostVC.swift */; };
		772FC6462BE7E60600C3232B /* AddPostVC.xib in Resources */ = {isa = PBXBuildFile; fileRef = 772FC6442BE7E60600C3232B /* AddPostVC.xib */; };
		772FC6492BE7E61800C3232B /* MapVC.swift in Sources */ = {isa = PBXBuildFile; fileRef = 772FC6472BE7E61800C3232B /* MapVC.swift */; };
		772FC64A2BE7E61800C3232B /* MapVC.xib in Resources */ = {isa = PBXBuildFile; fileRef = 772FC6482BE7E61800C3232B /* MapVC.xib */; };
		772FC64F2BE7E65D00C3232B /* SearchVC.swift in Sources */ = {isa = PBXBuildFile; fileRef = 772FC64D2BE7E65D00C3232B /* SearchVC.swift */; };
		772FC6502BE7E65D00C3232B /* SearchVC.xib in Resources */ = {isa = PBXBuildFile; fileRef = 772FC64E2BE7E65D00C3232B /* SearchVC.xib */; };
		7791916A2BC6AD0D006BA931 /* utilities.swift in Sources */ = {isa = PBXBuildFile; fileRef = 779191692BC6AD0D006BA931 /* utilities.swift */; };
		77CFE7A62BBED40000FA0F0F /* ResetPasswordVC.xib in Resources */ = {isa = PBXBuildFile; fileRef = 77CFE7A52BBED40000FA0F0F /* ResetPasswordVC.xib */; };
		77CFE7A72BBED40000FA0F0F /* ResetPasswordVC.swift in Sources */ = {isa = PBXBuildFile; fileRef = 77CFE7A42BBED40000FA0F0F /* ResetPasswordVC.swift */; };
		77EF5F752BC6CDE8007FCCE1 /* HomeVC.swift in Sources */ = {isa = PBXBuildFile; fileRef = 77EF5F732BC6CDE8007FCCE1 /* HomeVC.swift */; };
		77EF5F762BC6CDE8007FCCE1 /* HomeVC.xib in Resources */ = {isa = PBXBuildFile; fileRef = 77EF5F742BC6CDE8007FCCE1 /* HomeVC.xib */; };
		A02D63AA2BEBFC8B0038FDDA /* map_dark_style.json in Resources */ = {isa = PBXBuildFile; fileRef = A02D63A92BEBFC8B0038FDDA /* map_dark_style.json */; };
		A02D63AC2BEBFCBF0038FDDA /* map_light_style.json in Resources */ = {isa = PBXBuildFile; fileRef = A02D63AB2BEBFCBF0038FDDA /* map_light_style.json */; };
		A02D63B82BECFA0F0038FDDA /* createGroupVC.swift in Sources */ = {isa = PBXBuildFile; fileRef = A02D63B62BECFA0F0038FDDA /* createGroupVC.swift */; };
		A02D63B92BECFA0F0038FDDA /* createGroupVC.xib in Resources */ = {isa = PBXBuildFile; fileRef = A02D63B72BECFA0F0038FDDA /* createGroupVC.xib */; };
		A02D63BC2BECFA210038FDDA /* createPostVC.swift in Sources */ = {isa = PBXBuildFile; fileRef = A02D63BA2BECFA210038FDDA /* createPostVC.swift */; };
		A02D63BD2BECFA210038FDDA /* createPostVC.xib in Resources */ = {isa = PBXBuildFile; fileRef = A02D63BB2BECFA210038FDDA /* createPostVC.xib */; };
		A02D63BF2BED13CD0038FDDA /* post.swift in Sources */ = {isa = PBXBuildFile; fileRef = A02D63BE2BED13CD0038FDDA /* post.swift */; };
		A02D63C12BED14B60038FDDA /* fireStoreManager.swift in Sources */ = {isa = PBXBuildFile; fileRef = A02D63C02BED14B60038FDDA /* fireStoreManager.swift */; };
		A02D63C32BED1BD50038FDDA /* AuthManager.swift in Sources */ = {isa = PBXBuildFile; fileRef = A02D63C22BED1BD50038FDDA /* AuthManager.swift */; };
		A0DECAC02BF25D560062AC8F /* VerifyReportVC.xib in Resources */ = {isa = PBXBuildFile; fileRef = A0DECABF2BF25D560062AC8F /* VerifyReportVC.xib */; };
		A0DECAC12BF25D560062AC8F /* VerifyReportVC.swift in Sources */ = {isa = PBXBuildFile; fileRef = A0DECABE2BF25D560062AC8F /* VerifyReportVC.swift */; };
		A0FEE4EE2BE0779100791A33 /* GoogleService-Info.plist in Resources */ = {isa = PBXBuildFile; fileRef = A0FEE4ED2BE0779100791A33 /* GoogleService-Info.plist */; };
		E345E6FF1EDF8E1ADB7877A9 /* Pods_SoulSync.framework in Frameworks */ = {isa = PBXBuildFile; fileRef = 9948CC7826FC92D0F7828302 /* Pods_SoulSync.framework */; };
/* End PBXBuildFile section */

/* Begin PBXFileReference section */
		771EA7532BBC9CCF00173B72 /* SoulSync.app */ = {isa = PBXFileReference; explicitFileType = wrapper.application; includeInIndex = 0; path = SoulSync.app; sourceTree = BUILT_PRODUCTS_DIR; };
		771EA7562BBC9CCF00173B72 /* AppDelegate.swift */ = {isa = PBXFileReference; lastKnownFileType = sourcecode.swift; path = AppDelegate.swift; sourceTree = "<group>"; };
		771EA7582BBC9CCF00173B72 /* SceneDelegate.swift */ = {isa = PBXFileReference; lastKnownFileType = sourcecode.swift; path = SceneDelegate.swift; sourceTree = "<group>"; };
		771EA75A2BBC9CCF00173B72 /* ViewController.swift */ = {isa = PBXFileReference; lastKnownFileType = sourcecode.swift; path = ViewController.swift; sourceTree = "<group>"; };
		771EA75D2BBC9CCF00173B72 /* Base */ = {isa = PBXFileReference; lastKnownFileType = file.storyboard; name = Base; path = Base.lproj/Main.storyboard; sourceTree = "<group>"; };
		771EA75F2BBC9CD000173B72 /* Assets.xcassets */ = {isa = PBXFileReference; lastKnownFileType = folder.assetcatalog; path = Assets.xcassets; sourceTree = "<group>"; };
		771EA7622BBC9CD000173B72 /* Base */ = {isa = PBXFileReference; lastKnownFileType = file.storyboard; name = Base; path = Base.lproj/LaunchScreen.storyboard; sourceTree = "<group>"; };
		771EA7642BBC9CD000173B72 /* Info.plist */ = {isa = PBXFileReference; lastKnownFileType = text.plist.xml; path = Info.plist; sourceTree = "<group>"; };
		771EA76F2BBCDB8A00173B72 /* GetStartedVC.swift */ = {isa = PBXFileReference; lastKnownFileType = sourcecode.swift; path = GetStartedVC.swift; sourceTree = "<group>"; };
		771EA7722BBD699900173B72 /* SignInVC.swift */ = {isa = PBXFileReference; lastKnownFileType = sourcecode.swift; path = SignInVC.swift; sourceTree = "<group>"; };
		771EA7732BBD699900173B72 /* SignInVC.xib */ = {isa = PBXFileReference; lastKnownFileType = file.xib; path = SignInVC.xib; sourceTree = "<group>"; };
		771EA7772BBD6E4600173B72 /* SignUpVC.swift */ = {isa = PBXFileReference; lastKnownFileType = sourcecode.swift; path = SignUpVC.swift; sourceTree = "<group>"; };
		771EA7782BBD6E4600173B72 /* SignUpVC.xib */ = {isa = PBXFileReference; lastKnownFileType = file.xib; path = SignUpVC.xib; sourceTree = "<group>"; };
		771EA7822BBD871700173B72 /* ForgotPasswordVC.swift */ = {isa = PBXFileReference; lastKnownFileType = sourcecode.swift; path = ForgotPasswordVC.swift; sourceTree = "<group>"; };
		771EA7832BBD871700173B72 /* ForgotPasswordVC.xib */ = {isa = PBXFileReference; lastKnownFileType = file.xib; path = ForgotPasswordVC.xib; sourceTree = "<group>"; };
		772FC6392BE7E55800C3232B /* MainTabBarController.swift */ = {isa = PBXFileReference; lastKnownFileType = sourcecode.swift; path = MainTabBarController.swift; sourceTree = "<group>"; };
		772FC63F2BE7E5EF00C3232B /* ProfileVC.swift */ = {isa = PBXFileReference; lastKnownFileType = sourcecode.swift; path = ProfileVC.swift; sourceTree = "<group>"; };
		772FC6402BE7E5EF00C3232B /* ProfileVC.xib */ = {isa = PBXFileReference; lastKnownFileType = file.xib; path = ProfileVC.xib; sourceTree = "<group>"; };
		772FC6432BE7E60600C3232B /* AddPostVC.swift */ = {isa = PBXFileReference; lastKnownFileType = sourcecode.swift; path = AddPostVC.swift; sourceTree = "<group>"; };
		772FC6442BE7E60600C3232B /* AddPostVC.xib */ = {isa = PBXFileReference; lastKnownFileType = file.xib; path = AddPostVC.xib; sourceTree = "<group>"; };
		772FC6472BE7E61800C3232B /* MapVC.swift */ = {isa = PBXFileReference; lastKnownFileType = sourcecode.swift; path = MapVC.swift; sourceTree = "<group>"; };
		772FC6482BE7E61800C3232B /* MapVC.xib */ = {isa = PBXFileReference; lastKnownFileType = file.xib; path = MapVC.xib; sourceTree = "<group>"; };
		772FC64D2BE7E65D00C3232B /* SearchVC.swift */ = {isa = PBXFileReference; lastKnownFileType = sourcecode.swift; path = SearchVC.swift; sourceTree = "<group>"; };
		772FC64E2BE7E65D00C3232B /* SearchVC.xib */ = {isa = PBXFileReference; lastKnownFileType = file.xib; path = SearchVC.xib; sourceTree = "<group>"; };
		779191692BC6AD0D006BA931 /* utilities.swift */ = {isa = PBXFileReference; lastKnownFileType = sourcecode.swift; path = utilities.swift; sourceTree = "<group>"; };
		77CFE7A42BBED40000FA0F0F /* ResetPasswordVC.swift */ = {isa = PBXFileReference; lastKnownFileType = sourcecode.swift; path = ResetPasswordVC.swift; sourceTree = "<group>"; };
		77CFE7A52BBED40000FA0F0F /* ResetPasswordVC.xib */ = {isa = PBXFileReference; lastKnownFileType = file.xib; path = ResetPasswordVC.xib; sourceTree = "<group>"; };
		77EF5F732BC6CDE8007FCCE1 /* HomeVC.swift */ = {isa = PBXFileReference; lastKnownFileType = sourcecode.swift; path = HomeVC.swift; sourceTree = "<group>"; };
		77EF5F742BC6CDE8007FCCE1 /* HomeVC.xib */ = {isa = PBXFileReference; lastKnownFileType = file.xib; path = HomeVC.xib; sourceTree = "<group>"; };
		81E56E2E9A3DDC998A2DA463 /* Pods-SoulSync.release.xcconfig */ = {isa = PBXFileReference; includeInIndex = 1; lastKnownFileType = text.xcconfig; name = "Pods-SoulSync.release.xcconfig"; path = "Target Support Files/Pods-SoulSync/Pods-SoulSync.release.xcconfig"; sourceTree = "<group>"; };
		9948CC7826FC92D0F7828302 /* Pods_SoulSync.framework */ = {isa = PBXFileReference; explicitFileType = wrapper.framework; includeInIndex = 0; path = Pods_SoulSync.framework; sourceTree = BUILT_PRODUCTS_DIR; };
		9FF38B3F8D98E2ADE79610A6 /* Pods-SoulSync.debug.xcconfig */ = {isa = PBXFileReference; includeInIndex = 1; lastKnownFileType = text.xcconfig; name = "Pods-SoulSync.debug.xcconfig"; path = "Target Support Files/Pods-SoulSync/Pods-SoulSync.debug.xcconfig"; sourceTree = "<group>"; };
		A02D63A92BEBFC8B0038FDDA /* map_dark_style.json */ = {isa = PBXFileReference; lastKnownFileType = text.json; path = map_dark_style.json; sourceTree = "<group>"; };
		A02D63AB2BEBFCBF0038FDDA /* map_light_style.json */ = {isa = PBXFileReference; lastKnownFileType = text.json; path = map_light_style.json; sourceTree = "<group>"; };
		A02D63B62BECFA0F0038FDDA /* createGroupVC.swift */ = {isa = PBXFileReference; lastKnownFileType = sourcecode.swift; path = createGroupVC.swift; sourceTree = "<group>"; };
		A02D63B72BECFA0F0038FDDA /* createGroupVC.xib */ = {isa = PBXFileReference; lastKnownFileType = file.xib; path = createGroupVC.xib; sourceTree = "<group>"; };
		A02D63BA2BECFA210038FDDA /* createPostVC.swift */ = {isa = PBXFileReference; lastKnownFileType = sourcecode.swift; path = createPostVC.swift; sourceTree = "<group>"; };
		A02D63BB2BECFA210038FDDA /* createPostVC.xib */ = {isa = PBXFileReference; lastKnownFileType = file.xib; path = createPostVC.xib; sourceTree = "<group>"; };
		A02D63BE2BED13CD0038FDDA /* post.swift */ = {isa = PBXFileReference; lastKnownFileType = sourcecode.swift; path = post.swift; sourceTree = "<group>"; };
		A02D63C02BED14B60038FDDA /* fireStoreManager.swift */ = {isa = PBXFileReference; lastKnownFileType = sourcecode.swift; path = fireStoreManager.swift; sourceTree = "<group>"; };
		A02D63C22BED1BD50038FDDA /* AuthManager.swift */ = {isa = PBXFileReference; lastKnownFileType = sourcecode.swift; path = AuthManager.swift; sourceTree = "<group>"; };
		A0DECABE2BF25D560062AC8F /* VerifyReportVC.swift */ = {isa = PBXFileReference; lastKnownFileType = sourcecode.swift; path = VerifyReportVC.swift; sourceTree = "<group>"; };
		A0DECABF2BF25D560062AC8F /* VerifyReportVC.xib */ = {isa = PBXFileReference; lastKnownFileType = file.xib; path = VerifyReportVC.xib; sourceTree = "<group>"; };
		A0FEE4ED2BE0779100791A33 /* GoogleService-Info.plist */ = {isa = PBXFileReference; fileEncoding = 4; lastKnownFileType = text.plist.xml; path = "GoogleService-Info.plist"; sourceTree = "<group>"; };
/* End PBXFileReference section */

/* Begin PBXFrameworksBuildPhase section */
		771EA7502BBC9CCF00173B72 /* Frameworks */ = {
			isa = PBXFrameworksBuildPhase;
			buildActionMask = 2147483647;
			files = (
				E345E6FF1EDF8E1ADB7877A9 /* Pods_SoulSync.framework in Frameworks */,
			);
			runOnlyForDeploymentPostprocessing = 0;
		};
/* End PBXFrameworksBuildPhase section */

/* Begin PBXGroup section */
		38D7DB7A15B7661D684CD759 /* Pods */ = {
			isa = PBXGroup;
			children = (
				9FF38B3F8D98E2ADE79610A6 /* Pods-SoulSync.debug.xcconfig */,
				81E56E2E9A3DDC998A2DA463 /* Pods-SoulSync.release.xcconfig */,
			);
			path = Pods;
			sourceTree = "<group>";
		};
		771EA74A2BBC9CCF00173B72 = {
			isa = PBXGroup;
			children = (
				771EA7552BBC9CCF00173B72 /* SoulSync */,
				771EA7542BBC9CCF00173B72 /* Products */,
				38D7DB7A15B7661D684CD759 /* Pods */,
				C35E72252319A86F2CDF6249 /* Frameworks */,
			);
			sourceTree = "<group>";
		};
		771EA7542BBC9CCF00173B72 /* Products */ = {
			isa = PBXGroup;
			children = (
				771EA7532BBC9CCF00173B72 /* SoulSync.app */,
			);
			name = Products;
			sourceTree = "<group>";
		};
		771EA7552BBC9CCF00173B72 /* SoulSync */ = {
			isa = PBXGroup;
			children = (
				771EA7562BBC9CCF00173B72 /* AppDelegate.swift */,
				771EA7582BBC9CCF00173B72 /* SceneDelegate.swift */,
				771EA76C2BBCD8E600173B72 /* Models */,
				771EA76D2BBCD8F100173B72 /* Views */,
				771EA76E2BBCD8F900173B72 /* Controllers */,
				A0FEE4ED2BE0779100791A33 /* GoogleService-Info.plist */,
				771EA75F2BBC9CD000173B72 /* Assets.xcassets */,
				771EA7642BBC9CD000173B72 /* Info.plist */,
			);
			path = SoulSync;
			sourceTree = "<group>";
		};
		771EA76C2BBCD8E600173B72 /* Models */ = {
			isa = PBXGroup;
			children = (
				779191692BC6AD0D006BA931 /* utilities.swift */,
				A02D63A92BEBFC8B0038FDDA /* map_dark_style.json */,
				A02D63AB2BEBFCBF0038FDDA /* map_light_style.json */,
				A02D63BE2BED13CD0038FDDA /* post.swift */,
				A02D63C22BED1BD50038FDDA /* AuthManager.swift */,
				A02D63C02BED14B60038FDDA /* fireStoreManager.swift */,
			);
			path = Models;
			sourceTree = "<group>";
		};
		771EA76D2BBCD8F100173B72 /* Views */ = {
			isa = PBXGroup;
			children = (
				A0DECABD2BF25CE10062AC8F /* VerifyReportVC */,
				772FC63E2BE7E5A600C3232B /* ProfileVC */,
				772FC63C2BE7E59200C3232B /* AddPostVC */,
				772FC63D2BE7E59F00C3232B /* MapVC */,
				772FC63B2BE7E58400C3232B /* SearchVC */,
				77EF5F722BC6CDCE007FCCE1 /* HomeVC */,
				77CFE7A32BBED3D700FA0F0F /* ReSetPasswordVC */,
				771EA7802BBD86DC00173B72 /* ForgotPasswordVC */,
				771EA7762BBD6E2D00173B72 /* SignUpVC */,
				771EA7712BBCDC9200173B72 /* SignInVC */,
				771EA75C2BBC9CCF00173B72 /* Main.storyboard */,
				771EA7612BBC9CD000173B72 /* LaunchScreen.storyboard */,
			);
			path = Views;
			sourceTree = "<group>";
		};
		771EA76E2BBCD8F900173B72 /* Controllers */ = {
			isa = PBXGroup;
			children = (
				771EA75A2BBC9CCF00173B72 /* ViewController.swift */,
				771EA76F2BBCDB8A00173B72 /* GetStartedVC.swift */,
				772FC6392BE7E55800C3232B /* MainTabBarController.swift */,
			);
			path = Controllers;
			sourceTree = "<group>";
		};
		771EA7712BBCDC9200173B72 /* SignInVC */ = {
			isa = PBXGroup;
			children = (
				771EA7722BBD699900173B72 /* SignInVC.swift */,
				771EA7732BBD699900173B72 /* SignInVC.xib */,
			);
			path = SignInVC;
			sourceTree = "<group>";
		};
		771EA7762BBD6E2D00173B72 /* SignUpVC */ = {
			isa = PBXGroup;
			children = (
				771EA7772BBD6E4600173B72 /* SignUpVC.swift */,
				771EA7782BBD6E4600173B72 /* SignUpVC.xib */,
			);
			path = SignUpVC;
			sourceTree = "<group>";
		};
		771EA7802BBD86DC00173B72 /* ForgotPasswordVC */ = {
			isa = PBXGroup;
			children = (
				771EA7822BBD871700173B72 /* ForgotPasswordVC.swift */,
				771EA7832BBD871700173B72 /* ForgotPasswordVC.xib */,
			);
			path = ForgotPasswordVC;
			sourceTree = "<group>";
		};
		772FC63B2BE7E58400C3232B /* SearchVC */ = {
			isa = PBXGroup;
			children = (
				772FC64D2BE7E65D00C3232B /* SearchVC.swift */,
				772FC64E2BE7E65D00C3232B /* SearchVC.xib */,
			);
			path = SearchVC;
			sourceTree = "<group>";
		};
		772FC63C2BE7E59200C3232B /* AddPostVC */ = {
			isa = PBXGroup;
			children = (
				A02D63AD2BECF9590038FDDA /* addPostController */,
				772FC6432BE7E60600C3232B /* AddPostVC.swift */,
				772FC6442BE7E60600C3232B /* AddPostVC.xib */,
			);
			path = AddPostVC;
			sourceTree = "<group>";
		};
		772FC63D2BE7E59F00C3232B /* MapVC */ = {
			isa = PBXGroup;
			children = (
				772FC6472BE7E61800C3232B /* MapVC.swift */,
				772FC6482BE7E61800C3232B /* MapVC.xib */,
			);
			path = MapVC;
			sourceTree = "<group>";
		};
		772FC63E2BE7E5A600C3232B /* ProfileVC */ = {
			isa = PBXGroup;
			children = (
				772FC63F2BE7E5EF00C3232B /* ProfileVC.swift */,
				772FC6402BE7E5EF00C3232B /* ProfileVC.xib */,
			);
			path = ProfileVC;
			sourceTree = "<group>";
		};
		77CFE7A32BBED3D700FA0F0F /* ReSetPasswordVC */ = {
			isa = PBXGroup;
			children = (
				77CFE7A42BBED40000FA0F0F /* ResetPasswordVC.swift */,
				77CFE7A52BBED40000FA0F0F /* ResetPasswordVC.xib */,
			);
			path = ReSetPasswordVC;
			sourceTree = "<group>";
		};
		77EF5F722BC6CDCE007FCCE1 /* HomeVC */ = {
			isa = PBXGroup;
			children = (
				77EF5F732BC6CDE8007FCCE1 /* HomeVC.swift */,
				77EF5F742BC6CDE8007FCCE1 /* HomeVC.xib */,
			);
			path = HomeVC;
			sourceTree = "<group>";
		};
		A02D63AD2BECF9590038FDDA /* addPostController */ = {
			isa = PBXGroup;
			children = (
				A02D63B62BECFA0F0038FDDA /* createGroupVC.swift */,
				A02D63B72BECFA0F0038FDDA /* createGroupVC.xib */,
				A02D63BA2BECFA210038FDDA /* createPostVC.swift */,
				A02D63BB2BECFA210038FDDA /* createPostVC.xib */,
			);
			path = addPostController;
			sourceTree = "<group>";
		};
		A0DECABD2BF25CE10062AC8F /* VerifyReportVC */ = {
			isa = PBXGroup;
			children = (
				A0DECABE2BF25D560062AC8F /* VerifyReportVC.swift */,
				A0DECABF2BF25D560062AC8F /* VerifyReportVC.xib */,
			);
			path = VerifyReportVC;
			sourceTree = "<group>";
		};
		C35E72252319A86F2CDF6249 /* Frameworks */ = {
			isa = PBXGroup;
			children = (
				9948CC7826FC92D0F7828302 /* Pods_SoulSync.framework */,
			);
			name = Frameworks;
			sourceTree = "<group>";
		};
/* End PBXGroup section */

/* Begin PBXNativeTarget section */
		771EA7522BBC9CCF00173B72 /* SoulSync */ = {
			isa = PBXNativeTarget;
			buildConfigurationList = 771EA7672BBC9CD000173B72 /* Build configuration list for PBXNativeTarget "SoulSync" */;
			buildPhases = (
				5CD690F451BFF5D7D37839F9 /* [CP] Check Pods Manifest.lock */,
				771EA74F2BBC9CCF00173B72 /* Sources */,
				771EA7502BBC9CCF00173B72 /* Frameworks */,
				771EA7512BBC9CCF00173B72 /* Resources */,
				E658F4B5E1D2F4711FA69989 /* [CP] Embed Pods Frameworks */,
				BC3C60C6D3C649DAA5B3F7B8 /* [CP] Copy Pods Resources */,
			);
			buildRules = (
			);
			dependencies = (
			);
			name = SoulSync;
			productName = SoulSync;
			productReference = 771EA7532BBC9CCF00173B72 /* SoulSync.app */;
			productType = "com.apple.product-type.application";
		};
/* End PBXNativeTarget section */

/* Begin PBXProject section */
		771EA74B2BBC9CCF00173B72 /* Project object */ = {
			isa = PBXProject;
			attributes = {
				BuildIndependentTargetsInParallel = 1;
				LastSwiftUpdateCheck = 1530;
				LastUpgradeCheck = 1530;
				TargetAttributes = {
					771EA7522BBC9CCF00173B72 = {
						CreatedOnToolsVersion = 15.3;
					};
				};
			};
			buildConfigurationList = 771EA74E2BBC9CCF00173B72 /* Build configuration list for PBXProject "SoulSync" */;
			compatibilityVersion = "Xcode 14.0";
			developmentRegion = en;
			hasScannedForEncodings = 0;
			knownRegions = (
				en,
				Base,
			);
			mainGroup = 771EA74A2BBC9CCF00173B72;
			productRefGroup = 771EA7542BBC9CCF00173B72 /* Products */;
			projectDirPath = "";
			projectRoot = "";
			targets = (
				771EA7522BBC9CCF00173B72 /* SoulSync */,
			);
		};
/* End PBXProject section */

/* Begin PBXResourcesBuildPhase section */
		771EA7512BBC9CCF00173B72 /* Resources */ = {
			isa = PBXResourcesBuildPhase;
			buildActionMask = 2147483647;
			files = (
				771EA77A2BBD6E4600173B72 /* SignUpVC.xib in Resources */,
				772FC64A2BE7E61800C3232B /* MapVC.xib in Resources */,
				771EA7752BBD699900173B72 /* SignInVC.xib in Resources */,
				A0FEE4EE2BE0779100791A33 /* GoogleService-Info.plist in Resources */,
				771EA7852BBD871700173B72 /* ForgotPasswordVC.xib in Resources */,
				A02D63AC2BEBFCBF0038FDDA /* map_light_style.json in Resources */,
				772FC6422BE7E5F000C3232B /* ProfileVC.xib in Resources */,
				77CFE7A62BBED40000FA0F0F /* ResetPasswordVC.xib in Resources */,
				77EF5F762BC6CDE8007FCCE1 /* HomeVC.xib in Resources */,
				A0DECAC02BF25D560062AC8F /* VerifyReportVC.xib in Resources */,
				771EA7602BBC9CD000173B72 /* Assets.xcassets in Resources */,
				772FC6462BE7E60600C3232B /* AddPostVC.xib in Resources */,
				771EA7632BBC9CD000173B72 /* Base in Resources */,
				A02D63B92BECFA0F0038FDDA /* createGroupVC.xib in Resources */,
				A02D63BD2BECFA210038FDDA /* createPostVC.xib in Resources */,
				771EA75E2BBC9CCF00173B72 /* Base in Resources */,
				A02D63AA2BEBFC8B0038FDDA /* map_dark_style.json in Resources */,
				772FC6502BE7E65D00C3232B /* SearchVC.xib in Resources */,
			);
			runOnlyForDeploymentPostprocessing = 0;
		};
/* End PBXResourcesBuildPhase section */

/* Begin PBXShellScriptBuildPhase section */
		5CD690F451BFF5D7D37839F9 /* [CP] Check Pods Manifest.lock */ = {
			isa = PBXShellScriptBuildPhase;
			buildActionMask = 2147483647;
			files = (
			);
			inputFileListPaths = (
			);
			inputPaths = (
				"${PODS_PODFILE_DIR_PATH}/Podfile.lock",
				"${PODS_ROOT}/Manifest.lock",
			);
			name = "[CP] Check Pods Manifest.lock";
			outputFileListPaths = (
			);
			outputPaths = (
				"$(DERIVED_FILE_DIR)/Pods-SoulSync-checkManifestLockResult.txt",
			);
			runOnlyForDeploymentPostprocessing = 0;
			shellPath = /bin/sh;
			shellScript = "diff \"${PODS_PODFILE_DIR_PATH}/Podfile.lock\" \"${PODS_ROOT}/Manifest.lock\" > /dev/null\nif [ $? != 0 ] ; then\n    # print error to STDERR\n    echo \"error: The sandbox is not in sync with the Podfile.lock. Run 'pod install' or update your CocoaPods installation.\" >&2\n    exit 1\nfi\n# This output is used by Xcode 'outputs' to avoid re-running this script phase.\necho \"SUCCESS\" > \"${SCRIPT_OUTPUT_FILE_0}\"\n";
			showEnvVarsInLog = 0;
		};
		BC3C60C6D3C649DAA5B3F7B8 /* [CP] Copy Pods Resources */ = {
			isa = PBXShellScriptBuildPhase;
			buildActionMask = 2147483647;
			files = (
			);
			inputFileListPaths = (
				"${PODS_ROOT}/Target Support Files/Pods-SoulSync/Pods-SoulSync-resources-${CONFIGURATION}-input-files.xcfilelist",
			);
			name = "[CP] Copy Pods Resources";
			outputFileListPaths = (
				"${PODS_ROOT}/Target Support Files/Pods-SoulSync/Pods-SoulSync-resources-${CONFIGURATION}-output-files.xcfilelist",
			);
			runOnlyForDeploymentPostprocessing = 0;
			shellPath = /bin/sh;
			shellScript = "\"${PODS_ROOT}/Target Support Files/Pods-SoulSync/Pods-SoulSync-resources.sh\"\n";
			showEnvVarsInLog = 0;
		};
		E658F4B5E1D2F4711FA69989 /* [CP] Embed Pods Frameworks */ = {
			isa = PBXShellScriptBuildPhase;
			buildActionMask = 2147483647;
			files = (
			);
			inputFileListPaths = (
				"${PODS_ROOT}/Target Support Files/Pods-SoulSync/Pods-SoulSync-frameworks-${CONFIGURATION}-input-files.xcfilelist",
			);
			name = "[CP] Embed Pods Frameworks";
			outputFileListPaths = (
				"${PODS_ROOT}/Target Support Files/Pods-SoulSync/Pods-SoulSync-frameworks-${CONFIGURATION}-output-files.xcfilelist",
			);
			runOnlyForDeploymentPostprocessing = 0;
			shellPath = /bin/sh;
			shellScript = "\"${PODS_ROOT}/Target Support Files/Pods-SoulSync/Pods-SoulSync-frameworks.sh\"\n";
			showEnvVarsInLog = 0;
		};
/* End PBXShellScriptBuildPhase section */

/* Begin PBXSourcesBuildPhase section */
		771EA74F2BBC9CCF00173B72 /* Sources */ = {
			isa = PBXSourcesBuildPhase;
			buildActionMask = 2147483647;
			files = (
				772FC6412BE7E5EF00C3232B /* ProfileVC.swift in Sources */,
				7791916A2BC6AD0D006BA931 /* utilities.swift in Sources */,
				77EF5F752BC6CDE8007FCCE1 /* HomeVC.swift in Sources */,
				772FC63A2BE7E55800C3232B /* MainTabBarController.swift in Sources */,
				772FC6452BE7E60600C3232B /* AddPostVC.swift in Sources */,
				771EA75B2BBC9CCF00173B72 /* ViewController.swift in Sources */,
				A02D63BC2BECFA210038FDDA /* createPostVC.swift in Sources */,
				772FC64F2BE7E65D00C3232B /* SearchVC.swift in Sources */,
				771EA7842BBD871700173B72 /* ForgotPasswordVC.swift in Sources */,
				A02D63C32BED1BD50038FDDA /* AuthManager.swift in Sources */,
				A02D63B82BECFA0F0038FDDA /* createGroupVC.swift in Sources */,
				771EA7702BBCDB8A00173B72 /* GetStartedVC.swift in Sources */,
				771EA7572BBC9CCF00173B72 /* AppDelegate.swift in Sources */,
				A02D63C12BED14B60038FDDA /* fireStoreManager.swift in Sources */,
				771EA7592BBC9CCF00173B72 /* SceneDelegate.swift in Sources */,
				771EA7792BBD6E4600173B72 /* SignUpVC.swift in Sources */,
				772FC6492BE7E61800C3232B /* MapVC.swift in Sources */,
				A02D63BF2BED13CD0038FDDA /* post.swift in Sources */,
				A0DECAC12BF25D560062AC8F /* VerifyReportVC.swift in Sources */,
				771EA7742BBD699900173B72 /* SignInVC.swift in Sources */,
				77CFE7A72BBED40000FA0F0F /* ResetPasswordVC.swift in Sources */,
			);
			runOnlyForDeploymentPostprocessing = 0;
		};
/* End PBXSourcesBuildPhase section */

/* Begin PBXVariantGroup section */
		771EA75C2BBC9CCF00173B72 /* Main.storyboard */ = {
			isa = PBXVariantGroup;
			children = (
				771EA75D2BBC9CCF00173B72 /* Base */,
			);
			name = Main.storyboard;
			sourceTree = "<group>";
		};
		771EA7612BBC9CD000173B72 /* LaunchScreen.storyboard */ = {
			isa = PBXVariantGroup;
			children = (
				771EA7622BBC9CD000173B72 /* Base */,
			);
			name = LaunchScreen.storyboard;
			sourceTree = "<group>";
		};
/* End PBXVariantGroup section */

/* Begin XCBuildConfiguration section */
		771EA7652BBC9CD000173B72 /* Debug */ = {
			isa = XCBuildConfiguration;
			buildSettings = {
				ALWAYS_SEARCH_USER_PATHS = NO;
				ASSETCATALOG_COMPILER_GENERATE_SWIFT_ASSET_SYMBOL_EXTENSIONS = YES;
				CLANG_ANALYZER_NONNULL = YES;
				CLANG_ANALYZER_NUMBER_OBJECT_CONVERSION = YES_AGGRESSIVE;
				CLANG_CXX_LANGUAGE_STANDARD = "gnu++20";
				CLANG_ENABLE_MODULES = YES;
				CLANG_ENABLE_OBJC_ARC = YES;
				CLANG_ENABLE_OBJC_WEAK = YES;
				CLANG_WARN_BLOCK_CAPTURE_AUTORELEASING = YES;
				CLANG_WARN_BOOL_CONVERSION = YES;
				CLANG_WARN_COMMA = YES;
				CLANG_WARN_CONSTANT_CONVERSION = YES;
				CLANG_WARN_DEPRECATED_OBJC_IMPLEMENTATIONS = YES;
				CLANG_WARN_DIRECT_OBJC_ISA_USAGE = YES_ERROR;
				CLANG_WARN_DOCUMENTATION_COMMENTS = YES;
				CLANG_WARN_EMPTY_BODY = YES;
				CLANG_WARN_ENUM_CONVERSION = YES;
				CLANG_WARN_INFINITE_RECURSION = YES;
				CLANG_WARN_INT_CONVERSION = YES;
				CLANG_WARN_NON_LITERAL_NULL_CONVERSION = YES;
				CLANG_WARN_OBJC_IMPLICIT_RETAIN_SELF = YES;
				CLANG_WARN_OBJC_LITERAL_CONVERSION = YES;
				CLANG_WARN_OBJC_ROOT_CLASS = YES_ERROR;
				CLANG_WARN_QUOTED_INCLUDE_IN_FRAMEWORK_HEADER = YES;
				CLANG_WARN_RANGE_LOOP_ANALYSIS = YES;
				CLANG_WARN_STRICT_PROTOTYPES = YES;
				CLANG_WARN_SUSPICIOUS_MOVE = YES;
				CLANG_WARN_UNGUARDED_AVAILABILITY = YES_AGGRESSIVE;
				CLANG_WARN_UNREACHABLE_CODE = YES;
				CLANG_WARN__DUPLICATE_METHOD_MATCH = YES;
				COPY_PHASE_STRIP = NO;
				DEBUG_INFORMATION_FORMAT = dwarf;
				ENABLE_STRICT_OBJC_MSGSEND = YES;
				ENABLE_TESTABILITY = YES;
				ENABLE_USER_SCRIPT_SANDBOXING = YES;
				GCC_C_LANGUAGE_STANDARD = gnu17;
				GCC_DYNAMIC_NO_PIC = NO;
				GCC_NO_COMMON_BLOCKS = YES;
				GCC_OPTIMIZATION_LEVEL = 0;
				GCC_PREPROCESSOR_DEFINITIONS = (
					"DEBUG=1",
					"$(inherited)",
				);
				GCC_WARN_64_TO_32_BIT_CONVERSION = YES;
				GCC_WARN_ABOUT_RETURN_TYPE = YES_ERROR;
				GCC_WARN_UNDECLARED_SELECTOR = YES;
				GCC_WARN_UNINITIALIZED_AUTOS = YES_AGGRESSIVE;
				GCC_WARN_UNUSED_FUNCTION = YES;
				GCC_WARN_UNUSED_VARIABLE = YES;
				IPHONEOS_DEPLOYMENT_TARGET = 15.0;
				LOCALIZATION_PREFERS_STRING_CATALOGS = YES;
				MTL_ENABLE_DEBUG_INFO = INCLUDE_SOURCE;
				MTL_FAST_MATH = YES;
				ONLY_ACTIVE_ARCH = YES;
				SDKROOT = iphoneos;
				SWIFT_ACTIVE_COMPILATION_CONDITIONS = "DEBUG $(inherited)";
				SWIFT_OPTIMIZATION_LEVEL = "-Onone";
			};
			name = Debug;
		};
		771EA7662BBC9CD000173B72 /* Release */ = {
			isa = XCBuildConfiguration;
			buildSettings = {
				ALWAYS_SEARCH_USER_PATHS = NO;
				ASSETCATALOG_COMPILER_GENERATE_SWIFT_ASSET_SYMBOL_EXTENSIONS = YES;
				CLANG_ANALYZER_NONNULL = YES;
				CLANG_ANALYZER_NUMBER_OBJECT_CONVERSION = YES_AGGRESSIVE;
				CLANG_CXX_LANGUAGE_STANDARD = "gnu++20";
				CLANG_ENABLE_MODULES = YES;
				CLANG_ENABLE_OBJC_ARC = YES;
				CLANG_ENABLE_OBJC_WEAK = YES;
				CLANG_WARN_BLOCK_CAPTURE_AUTORELEASING = YES;
				CLANG_WARN_BOOL_CONVERSION = YES;
				CLANG_WARN_COMMA = YES;
				CLANG_WARN_CONSTANT_CONVERSION = YES;
				CLANG_WARN_DEPRECATED_OBJC_IMPLEMENTATIONS = YES;
				CLANG_WARN_DIRECT_OBJC_ISA_USAGE = YES_ERROR;
				CLANG_WARN_DOCUMENTATION_COMMENTS = YES;
				CLANG_WARN_EMPTY_BODY = YES;
				CLANG_WARN_ENUM_CONVERSION = YES;
				CLANG_WARN_INFINITE_RECURSION = YES;
				CLANG_WARN_INT_CONVERSION = YES;
				CLANG_WARN_NON_LITERAL_NULL_CONVERSION = YES;
				CLANG_WARN_OBJC_IMPLICIT_RETAIN_SELF = YES;
				CLANG_WARN_OBJC_LITERAL_CONVERSION = YES;
				CLANG_WARN_OBJC_ROOT_CLASS = YES_ERROR;
				CLANG_WARN_QUOTED_INCLUDE_IN_FRAMEWORK_HEADER = YES;
				CLANG_WARN_RANGE_LOOP_ANALYSIS = YES;
				CLANG_WARN_STRICT_PROTOTYPES = YES;
				CLANG_WARN_SUSPICIOUS_MOVE = YES;
				CLANG_WARN_UNGUARDED_AVAILABILITY = YES_AGGRESSIVE;
				CLANG_WARN_UNREACHABLE_CODE = YES;
				CLANG_WARN__DUPLICATE_METHOD_MATCH = YES;
				COPY_PHASE_STRIP = NO;
				DEBUG_INFORMATION_FORMAT = "dwarf-with-dsym";
				ENABLE_NS_ASSERTIONS = NO;
				ENABLE_STRICT_OBJC_MSGSEND = YES;
				ENABLE_USER_SCRIPT_SANDBOXING = YES;
				GCC_C_LANGUAGE_STANDARD = gnu17;
				GCC_NO_COMMON_BLOCKS = YES;
				GCC_WARN_64_TO_32_BIT_CONVERSION = YES;
				GCC_WARN_ABOUT_RETURN_TYPE = YES_ERROR;
				GCC_WARN_UNDECLARED_SELECTOR = YES;
				GCC_WARN_UNINITIALIZED_AUTOS = YES_AGGRESSIVE;
				GCC_WARN_UNUSED_FUNCTION = YES;
				GCC_WARN_UNUSED_VARIABLE = YES;
				IPHONEOS_DEPLOYMENT_TARGET = 15.0;
				LOCALIZATION_PREFERS_STRING_CATALOGS = YES;
				MTL_ENABLE_DEBUG_INFO = NO;
				MTL_FAST_MATH = YES;
				SDKROOT = iphoneos;
				SWIFT_COMPILATION_MODE = wholemodule;
				VALIDATE_PRODUCT = YES;
			};
			name = Release;
		};
		771EA7682BBC9CD000173B72 /* Debug */ = {
			isa = XCBuildConfiguration;
			baseConfigurationReference = 9FF38B3F8D98E2ADE79610A6 /* Pods-SoulSync.debug.xcconfig */;
			buildSettings = {
				ASSETCATALOG_COMPILER_APPICON_NAME = AppIcon;
				ASSETCATALOG_COMPILER_GLOBAL_ACCENT_COLOR_NAME = AccentColor;
				CODE_SIGN_STYLE = Automatic;
				CURRENT_PROJECT_VERSION = 1;
				ENABLE_USER_SCRIPT_SANDBOXING = NO;
				GENERATE_INFOPLIST_FILE = YES;
				INFOPLIST_FILE = SoulSync/Info.plist;
				INFOPLIST_KEY_CFBundleDisplayName = SoulSync;
				INFOPLIST_KEY_UIApplicationSupportsIndirectInputEvents = YES;
				INFOPLIST_KEY_UILaunchStoryboardName = LaunchScreen;
				INFOPLIST_KEY_UIMainStoryboardFile = Main;
				INFOPLIST_KEY_UISupportedInterfaceOrientations = UIInterfaceOrientationPortrait;
				IPHONEOS_DEPLOYMENT_TARGET = 15.0;
				LD_RUNPATH_SEARCH_PATHS = (
					"$(inherited)",
					"@executable_path/Frameworks",
				);
				MARKETING_VERSION = 1.0;
				PRODUCT_BUNDLE_IDENTIFIER = com.app.SoulSync;
				PRODUCT_NAME = "$(TARGET_NAME)";
				SWIFT_EMIT_LOC_STRINGS = YES;
				SWIFT_VERSION = 5.0;
				TARGETED_DEVICE_FAMILY = "1,2";
			};
			name = Debug;
		};
		771EA7692BBC9CD000173B72 /* Release */ = {
			isa = XCBuildConfiguration;
			baseConfigurationReference = 81E56E2E9A3DDC998A2DA463 /* Pods-SoulSync.release.xcconfig */;
			buildSettings = {
				ASSETCATALOG_COMPILER_APPICON_NAME = AppIcon;
				ASSETCATALOG_COMPILER_GLOBAL_ACCENT_COLOR_NAME = AccentColor;
				CODE_SIGN_STYLE = Automatic;
				CURRENT_PROJECT_VERSION = 1;
				ENABLE_USER_SCRIPT_SANDBOXING = NO;
				GENERATE_INFOPLIST_FILE = YES;
				INFOPLIST_FILE = SoulSync/Info.plist;
				INFOPLIST_KEY_CFBundleDisplayName = SoulSync;
				INFOPLIST_KEY_UIApplicationSupportsIndirectInputEvents = YES;
				INFOPLIST_KEY_UILaunchStoryboardName = LaunchScreen;
				INFOPLIST_KEY_UIMainStoryboardFile = Main;
				INFOPLIST_KEY_UISupportedInterfaceOrientations = UIInterfaceOrientationPortrait;
				IPHONEOS_DEPLOYMENT_TARGET = 15.0;
				LD_RUNPATH_SEARCH_PATHS = (
					"$(inherited)",
					"@executable_path/Frameworks",
				);
				MARKETING_VERSION = 1.0;
				PRODUCT_BUNDLE_IDENTIFIER = com.app.SoulSync;
				PRODUCT_NAME = "$(TARGET_NAME)";
				SWIFT_EMIT_LOC_STRINGS = YES;
				SWIFT_VERSION = 5.0;
				TARGETED_DEVICE_FAMILY = "1,2";
			};
			name = Release;
		};
/* End XCBuildConfiguration section */

/* Begin XCConfigurationList section */
		771EA74E2BBC9CCF00173B72 /* Build configuration list for PBXProject "SoulSync" */ = {
			isa = XCConfigurationList;
			buildConfigurations = (
				771EA7652BBC9CD000173B72 /* Debug */,
				771EA7662BBC9CD000173B72 /* Release */,
			);
			defaultConfigurationIsVisible = 0;
			defaultConfigurationName = Release;
		};
		771EA7672BBC9CD000173B72 /* Build configuration list for PBXNativeTarget "SoulSync" */ = {
			isa = XCConfigurationList;
			buildConfigurations = (
				771EA7682BBC9CD000173B72 /* Debug */,
				771EA7692BBC9CD000173B72 /* Release */,
			);
			defaultConfigurationIsVisible = 0;
			defaultConfigurationName = Release;
		};
/* End XCConfigurationList section */
	};
	rootObject = 771EA74B2BBC9CCF00173B72 /* Project object */;
}
